
Microsoft Visual Studio Solution File, Format Version 10.00
# Visual Studio 2008
Project("{8BC9CEB8-8B4A-11D0-8D11-00A0C91BC942}") = "SILACtor", "SILACtor.vcproj", "{141F9977-3C7E-48AA-8091-FD44B7EC70A6}"
EndProject
Global
	GlobalSection(SolutionConfigurationPlatforms) = preSolution
		Debug|Win32 = Debug|Win32
		Release|Win32 = Release|Win32
	EndGlobalSection
	GlobalSection(ProjectConfigurationPlatforms) = postSolution
		{141F9977-3C7E-48AA-8091-FD44B7EC70A6}.Debug|Win32.ActiveCfg = Debug|Win32
		{141F9977-3C7E-48AA-8091-FD44B7EC70A6}.Debug|Win32.Build.0 = Debug|Win32
		{141F9977-3C7E-48AA-8091-FD44B7EC70A6}.Release|Win32.ActiveCfg = Release|Win32
		{141F9977-3C7E-48AA-8091-FD44B7EC70A6}.Release|Win32.Build.0 = Release|Win32
	EndGlobalSection
	GlobalSection(SolutionProperties) = preSolution
		HideSolutionNode = FALSE
	EndGlobalSection
EndGlobal
